// !$*UTF8*$!
{
	archiveVersion = 1;
	classes = {
	};
	objectVersion = 46;
	objects = {

/* Begin PBXBuildFile section */
		A31B6EFB1A597A6900ECA212 /* Timepiece.framework in Frameworks */ = {isa = PBXBuildFile; fileRef = A31B6EFA1A597A6900ECA212 /* Timepiece.framework */; };
		A31B6EFC1A597A6900ECA212 /* Timepiece.framework in Embed Frameworks */ = {isa = PBXBuildFile; fileRef = A31B6EFA1A597A6900ECA212 /* Timepiece.framework */; settings = {ATTRIBUTES = (CodeSignOnCopy, RemoveHeadersOnCopy, ); }; };
		A3603F081A58D3A000ACE0DE /* SwiftyJSON.framework in Frameworks */ = {isa = PBXBuildFile; fileRef = A3603F071A58D3A000ACE0DE /* SwiftyJSON.framework */; };
		A3603F091A58D3A000ACE0DE /* SwiftyJSON.framework in Embed Frameworks */ = {isa = PBXBuildFile; fileRef = A3603F071A58D3A000ACE0DE /* SwiftyJSON.framework */; settings = {ATTRIBUTES = (CodeSignOnCopy, RemoveHeadersOnCopy, ); }; };
		A385C9D11A5BE2A2008ADE98 /* PrivateConstants.swift in Sources */ = {isa = PBXBuildFile; fileRef = A385C9D01A5BE2A2008ADE98 /* PrivateConstants.swift */; };
		A385C9D61A5BEFBA008ADE98 /* BloggerFetcher.swift in Sources */ = {isa = PBXBuildFile; fileRef = A385C9D21A5BEFBA008ADE98 /* BloggerFetcher.swift */; };
		A385C9D71A5BEFBA008ADE98 /* DotsFetcher.swift in Sources */ = {isa = PBXBuildFile; fileRef = A385C9D31A5BEFBA008ADE98 /* DotsFetcher.swift */; };
		A385C9D81A5BEFBA008ADE98 /* HatebuFetcher.swift in Sources */ = {isa = PBXBuildFile; fileRef = A385C9D41A5BEFBA008ADE98 /* HatebuFetcher.swift */; };
		A385C9D91A5BEFBA008ADE98 /* TweetsFetcher.swift in Sources */ = {isa = PBXBuildFile; fileRef = A385C9D51A5BEFBA008ADE98 /* TweetsFetcher.swift */; };
		A385C9E21A5C07FD008ADE98 /* ItemViewCell.swift in Sources */ = {isa = PBXBuildFile; fileRef = A385C9E01A5C07FD008ADE98 /* ItemViewCell.swift */; };
		A385C9F71A5CAD58008ADE98 /* Entry.swift in Sources */ = {isa = PBXBuildFile; fileRef = A385C9F61A5CAD58008ADE98 /* Entry.swift */; };
		A385C9F91A5CAD58008ADE98 /* Service.swift in Sources */ = {isa = PBXBuildFile; fileRef = A385C9F81A5CAD58008ADE98 /* Service.swift */; };
		A385C9FB1A5CAD59008ADE98 /* User.swift in Sources */ = {isa = PBXBuildFile; fileRef = A385C9FA1A5CAD59008ADE98 /* User.swift */; };
		A385C9FD1A5CAD59008ADE98 /* Cycle.swift in Sources */ = {isa = PBXBuildFile; fileRef = A385C9FC1A5CAD59008ADE98 /* Cycle.swift */; };
		A385C9FF1A5CAD59008ADE98 /* Item.swift in Sources */ = {isa = PBXBuildFile; fileRef = A385C9FE1A5CAD59008ADE98 /* Item.swift */; };
		A385CA011A5CB46E008ADE98 /* CoreDataStore.swift in Sources */ = {isa = PBXBuildFile; fileRef = A385CA001A5CB46E008ADE98 /* CoreDataStore.swift */; };
		A385CA031A5CB4F4008ADE98 /* CoreDataHelper.swift in Sources */ = {isa = PBXBuildFile; fileRef = A385CA021A5CB4F4008ADE98 /* CoreDataHelper.swift */; };
		A3C7CB5D1A539A1F00CA6696 /* AppDelegate.swift in Sources */ = {isa = PBXBuildFile; fileRef = A3C7CB5C1A539A1F00CA6696 /* AppDelegate.swift */; };
		A3C7CB601A539A1F00CA6696 /* Dots.xcdatamodeld in Sources */ = {isa = PBXBuildFile; fileRef = A3C7CB5E1A539A1F00CA6696 /* Dots.xcdatamodeld */; };
		A3C7CB621A539A1F00CA6696 /* ItemViewController.swift in Sources */ = {isa = PBXBuildFile; fileRef = A3C7CB611A539A1F00CA6696 /* ItemViewController.swift */; };
		A3C7CB651A539A1F00CA6696 /* Main.storyboard in Resources */ = {isa = PBXBuildFile; fileRef = A3C7CB631A539A1F00CA6696 /* Main.storyboard */; };
		A3C7CB671A539A1F00CA6696 /* Images.xcassets in Resources */ = {isa = PBXBuildFile; fileRef = A3C7CB661A539A1F00CA6696 /* Images.xcassets */; };
		A3C7CB6A1A539A1F00CA6696 /* LaunchScreen.xib in Resources */ = {isa = PBXBuildFile; fileRef = A3C7CB681A539A1F00CA6696 /* LaunchScreen.xib */; };
		A3C7CB761A539A1F00CA6696 /* DotsTests.swift in Sources */ = {isa = PBXBuildFile; fileRef = A3C7CB751A539A1F00CA6696 /* DotsTests.swift */; };
		A3C7CB971A539A4A00CA6696 /* Accounts.framework in Frameworks */ = {isa = PBXBuildFile; fileRef = A3C7CB961A539A4A00CA6696 /* Accounts.framework */; };
		A3C7CB991A539A5300CA6696 /* Twitter.framework in Frameworks */ = {isa = PBXBuildFile; fileRef = A3C7CB981A539A5300CA6696 /* Twitter.framework */; };
		A3C7CB9B1A539A6D00CA6696 /* CoreData.framework in Frameworks */ = {isa = PBXBuildFile; fileRef = A3C7CB9A1A539A6D00CA6696 /* CoreData.framework */; };
		A3C7CB9D1A539A7C00CA6696 /* Social.framework in Frameworks */ = {isa = PBXBuildFile; fileRef = A3C7CB9C1A539A7C00CA6696 /* Social.framework */; };
		A3C7CBAF1A57007F00CA6696 /* SwifteriOS.framework in Frameworks */ = {isa = PBXBuildFile; fileRef = A3C7CBAE1A57007F00CA6696 /* SwifteriOS.framework */; };
		A3C7CBB01A57007F00CA6696 /* SwifteriOS.framework in Embed Frameworks */ = {isa = PBXBuildFile; fileRef = A3C7CBAE1A57007F00CA6696 /* SwifteriOS.framework */; settings = {ATTRIBUTES = (CodeSignOnCopy, RemoveHeadersOnCopy, ); }; };
		A3E746D81A5819F300E85D84 /* Utility.swift in Sources */ = {isa = PBXBuildFile; fileRef = A3E746D71A5819F300E85D84 /* Utility.swift */; };
		A3E746E01A582DE800E85D84 /* Alamofire.framework in Frameworks */ = {isa = PBXBuildFile; fileRef = A3E746DF1A582DE800E85D84 /* Alamofire.framework */; };
		A3E746E11A582DE800E85D84 /* Alamofire.framework in Embed Frameworks */ = {isa = PBXBuildFile; fileRef = A3E746DF1A582DE800E85D84 /* Alamofire.framework */; settings = {ATTRIBUTES = (CodeSignOnCopy, RemoveHeadersOnCopy, ); }; };
		A3E746E41A5835D500E85D84 /* SWXMLHash.swift in Sources */ = {isa = PBXBuildFile; fileRef = A3E746E31A5835D500E85D84 /* SWXMLHash.swift */; };
/* End PBXBuildFile section */

/* Begin PBXContainerItemProxy section */
		A3C7CB701A539A1F00CA6696 /* PBXContainerItemProxy */ = {
			isa = PBXContainerItemProxy;
			containerPortal = A3C7CB4F1A539A1F00CA6696 /* Project object */;
			proxyType = 1;
			remoteGlobalIDString = A3C7CB561A539A1F00CA6696;
			remoteInfo = Dots;
		};
/* End PBXContainerItemProxy section */

/* Begin PBXCopyFilesBuildPhase section */
		A3C7CB951A539A3D00CA6696 /* Embed Frameworks */ = {
			isa = PBXCopyFilesBuildPhase;
			buildActionMask = 2147483647;
			dstPath = "";
			dstSubfolderSpec = 10;
			files = (
				A31B6EFC1A597A6900ECA212 /* Timepiece.framework in Embed Frameworks */,
				A3C7CBB01A57007F00CA6696 /* SwifteriOS.framework in Embed Frameworks */,
				A3E746E11A582DE800E85D84 /* Alamofire.framework in Embed Frameworks */,
				A3603F091A58D3A000ACE0DE /* SwiftyJSON.framework in Embed Frameworks */,
			);
			name = "Embed Frameworks";
			runOnlyForDeploymentPostprocessing = 0;
		};
/* End PBXCopyFilesBuildPhase section */

/* Begin PBXFileReference section */
		A31B6EFA1A597A6900ECA212 /* Timepiece.framework */ = {isa = PBXFileReference; lastKnownFileType = wrapper.framework; name = Timepiece.framework; path = Carthage/Build/iOS/Timepiece.framework; sourceTree = "<group>"; };
		A3603F071A58D3A000ACE0DE /* SwiftyJSON.framework */ = {isa = PBXFileReference; lastKnownFileType = wrapper.framework; name = SwiftyJSON.framework; path = Carthage/Build/iOS/SwiftyJSON.framework; sourceTree = "<group>"; };
		A385C9D01A5BE2A2008ADE98 /* PrivateConstants.swift */ = {isa = PBXFileReference; fileEncoding = 4; lastKnownFileType = sourcecode.swift; path = PrivateConstants.swift; sourceTree = "<group>"; };
		A385C9D21A5BEFBA008ADE98 /* BloggerFetcher.swift */ = {isa = PBXFileReference; fileEncoding = 4; lastKnownFileType = sourcecode.swift; name = BloggerFetcher.swift; path = Fetcher/BloggerFetcher.swift; sourceTree = "<group>"; };
		A385C9D31A5BEFBA008ADE98 /* DotsFetcher.swift */ = {isa = PBXFileReference; fileEncoding = 4; lastKnownFileType = sourcecode.swift; name = DotsFetcher.swift; path = Fetcher/DotsFetcher.swift; sourceTree = "<group>"; };
		A385C9D41A5BEFBA008ADE98 /* HatebuFetcher.swift */ = {isa = PBXFileReference; fileEncoding = 4; lastKnownFileType = sourcecode.swift; name = HatebuFetcher.swift; path = Fetcher/HatebuFetcher.swift; sourceTree = "<group>"; };
		A385C9D51A5BEFBA008ADE98 /* TweetsFetcher.swift */ = {isa = PBXFileReference; fileEncoding = 4; lastKnownFileType = sourcecode.swift; name = TweetsFetcher.swift; path = Fetcher/TweetsFetcher.swift; sourceTree = "<group>"; };
		A385C9E01A5C07FD008ADE98 /* ItemViewCell.swift */ = {isa = PBXFileReference; fileEncoding = 4; lastKnownFileType = sourcecode.swift; name = ItemViewCell.swift; path = ../ItemViewCell.swift; sourceTree = "<group>"; };
		A385C9F61A5CAD58008ADE98 /* Entry.swift */ = {isa = PBXFileReference; fileEncoding = 4; lastKnownFileType = sourcecode.swift; name = Entry.swift; path = Model/Entry.swift; sourceTree = "<group>"; };
		A385C9F81A5CAD58008ADE98 /* Service.swift */ = {isa = PBXFileReference; fileEncoding = 4; lastKnownFileType = sourcecode.swift; name = Service.swift; path = Model/Service.swift; sourceTree = "<group>"; };
		A385C9FA1A5CAD59008ADE98 /* User.swift */ = {isa = PBXFileReference; fileEncoding = 4; lastKnownFileType = sourcecode.swift; name = User.swift; path = Model/User.swift; sourceTree = "<group>"; };
		A385C9FC1A5CAD59008ADE98 /* Cycle.swift */ = {isa = PBXFileReference; fileEncoding = 4; lastKnownFileType = sourcecode.swift; name = Cycle.swift; path = Model/Cycle.swift; sourceTree = "<group>"; };
		A385C9FE1A5CAD59008ADE98 /* Item.swift */ = {isa = PBXFileReference; fileEncoding = 4; lastKnownFileType = sourcecode.swift; name = Item.swift; path = Model/Item.swift; sourceTree = "<group>"; };
		A385CA001A5CB46E008ADE98 /* CoreDataStore.swift */ = {isa = PBXFileReference; fileEncoding = 4; lastKnownFileType = sourcecode.swift; path = CoreDataStore.swift; sourceTree = "<group>"; };
		A385CA021A5CB4F4008ADE98 /* CoreDataHelper.swift */ = {isa = PBXFileReference; fileEncoding = 4; lastKnownFileType = sourcecode.swift; path = CoreDataHelper.swift; sourceTree = "<group>"; };
		A3C7CB571A539A1F00CA6696 /* Dots.app */ = {isa = PBXFileReference; explicitFileType = wrapper.application; includeInIndex = 0; path = Dots.app; sourceTree = BUILT_PRODUCTS_DIR; };
		A3C7CB5B1A539A1F00CA6696 /* Info.plist */ = {isa = PBXFileReference; lastKnownFileType = text.plist.xml; path = Info.plist; sourceTree = "<group>"; };
		A3C7CB5C1A539A1F00CA6696 /* AppDelegate.swift */ = {isa = PBXFileReference; lastKnownFileType = sourcecode.swift; path = AppDelegate.swift; sourceTree = "<group>"; };
		A3C7CB5F1A539A1F00CA6696 /* Dots.xcdatamodel */ = {isa = PBXFileReference; lastKnownFileType = wrapper.xcdatamodel; path = Dots.xcdatamodel; sourceTree = "<group>"; };
		A3C7CB611A539A1F00CA6696 /* ItemViewController.swift */ = {isa = PBXFileReference; lastKnownFileType = sourcecode.swift; path = ItemViewController.swift; sourceTree = "<group>"; };
		A3C7CB641A539A1F00CA6696 /* Base */ = {isa = PBXFileReference; lastKnownFileType = file.storyboard; name = Base; path = Base.lproj/Main.storyboard; sourceTree = "<group>"; };
		A3C7CB661A539A1F00CA6696 /* Images.xcassets */ = {isa = PBXFileReference; lastKnownFileType = folder.assetcatalog; path = Images.xcassets; sourceTree = "<group>"; };
		A3C7CB691A539A1F00CA6696 /* Base */ = {isa = PBXFileReference; lastKnownFileType = file.xib; name = Base; path = Base.lproj/LaunchScreen.xib; sourceTree = "<group>"; };
		A3C7CB6F1A539A1F00CA6696 /* DotsTests.xctest */ = {isa = PBXFileReference; explicitFileType = wrapper.cfbundle; includeInIndex = 0; path = DotsTests.xctest; sourceTree = BUILT_PRODUCTS_DIR; };
		A3C7CB741A539A1F00CA6696 /* Info.plist */ = {isa = PBXFileReference; lastKnownFileType = text.plist.xml; path = Info.plist; sourceTree = "<group>"; };
		A3C7CB751A539A1F00CA6696 /* DotsTests.swift */ = {isa = PBXFileReference; lastKnownFileType = sourcecode.swift; path = DotsTests.swift; sourceTree = "<group>"; };
		A3C7CB961A539A4A00CA6696 /* Accounts.framework */ = {isa = PBXFileReference; lastKnownFileType = wrapper.framework; name = Accounts.framework; path = System/Library/Frameworks/Accounts.framework; sourceTree = SDKROOT; };
		A3C7CB981A539A5300CA6696 /* Twitter.framework */ = {isa = PBXFileReference; lastKnownFileType = wrapper.framework; name = Twitter.framework; path = System/Library/Frameworks/Twitter.framework; sourceTree = SDKROOT; };
		A3C7CB9A1A539A6D00CA6696 /* CoreData.framework */ = {isa = PBXFileReference; lastKnownFileType = wrapper.framework; name = CoreData.framework; path = System/Library/Frameworks/CoreData.framework; sourceTree = SDKROOT; };
		A3C7CB9C1A539A7C00CA6696 /* Social.framework */ = {isa = PBXFileReference; lastKnownFileType = wrapper.framework; name = Social.framework; path = System/Library/Frameworks/Social.framework; sourceTree = SDKROOT; };
		A3C7CBAE1A57007F00CA6696 /* SwifteriOS.framework */ = {isa = PBXFileReference; lastKnownFileType = wrapper.framework; name = SwifteriOS.framework; path = Carthage/Build/iOS/SwifteriOS.framework; sourceTree = "<group>"; };
		A3E746D71A5819F300E85D84 /* Utility.swift */ = {isa = PBXFileReference; fileEncoding = 4; lastKnownFileType = sourcecode.swift; path = Utility.swift; sourceTree = "<group>"; };
		A3E746DF1A582DE800E85D84 /* Alamofire.framework */ = {isa = PBXFileReference; lastKnownFileType = wrapper.framework; name = Alamofire.framework; path = Carthage/Build/iOS/Alamofire.framework; sourceTree = "<group>"; };
		A3E746E31A5835D500E85D84 /* SWXMLHash.swift */ = {isa = PBXFileReference; fileEncoding = 4; lastKnownFileType = sourcecode.swift; name = SWXMLHash.swift; path = SWXMLHash/SWXMLHash/SWXMLHash.swift; sourceTree = "<group>"; };
/* End PBXFileReference section */

/* Begin PBXFrameworksBuildPhase section */
		A3C7CB541A539A1F00CA6696 /* Frameworks */ = {
			isa = PBXFrameworksBuildPhase;
			buildActionMask = 2147483647;
			files = (
				A3C7CB9D1A539A7C00CA6696 /* Social.framework in Frameworks */,
				A3E746E01A582DE800E85D84 /* Alamofire.framework in Frameworks */,
				A3C7CB9B1A539A6D00CA6696 /* CoreData.framework in Frameworks */,
				A3C7CB991A539A5300CA6696 /* Twitter.framework in Frameworks */,
				A31B6EFB1A597A6900ECA212 /* Timepiece.framework in Frameworks */,
				A3603F081A58D3A000ACE0DE /* SwiftyJSON.framework in Frameworks */,
				A3C7CB971A539A4A00CA6696 /* Accounts.framework in Frameworks */,
				A3C7CBAF1A57007F00CA6696 /* SwifteriOS.framework in Frameworks */,
			);
			runOnlyForDeploymentPostprocessing = 0;
		};
		A3C7CB6C1A539A1F00CA6696 /* Frameworks */ = {
			isa = PBXFrameworksBuildPhase;
			buildActionMask = 2147483647;
			files = (
			);
			runOnlyForDeploymentPostprocessing = 0;
		};
/* End PBXFrameworksBuildPhase section */

/* Begin PBXGroup section */
		A3C7CB4E1A539A1F00CA6696 = {
			isa = PBXGroup;
			children = (
				A3C7CB591A539A1F00CA6696 /* Dots */,
				A3C7CB721A539A1F00CA6696 /* DotsTests */,
				A3C7CB9E1A56476700CA6696 /* Frameworks */,
				A3C7CB581A539A1F00CA6696 /* Products */,
			);
			sourceTree = "<group>";
		};
		A3C7CB581A539A1F00CA6696 /* Products */ = {
			isa = PBXGroup;
			children = (
				A3C7CB571A539A1F00CA6696 /* Dots.app */,
				A3C7CB6F1A539A1F00CA6696 /* DotsTests.xctest */,
			);
			name = Products;
			sourceTree = "<group>";
		};
		A3C7CB591A539A1F00CA6696 /* Dots */ = {
			isa = PBXGroup;
			children = (
				A3E746D21A58162800E85D84 /* Fetcher */,
				A3C7CBB11A57895C00CA6696 /* Model */,
				A3C7CB5C1A539A1F00CA6696 /* AppDelegate.swift */,
				A385CA001A5CB46E008ADE98 /* CoreDataStore.swift */,
				A385CA021A5CB4F4008ADE98 /* CoreDataHelper.swift */,
				A385C9D01A5BE2A2008ADE98 /* PrivateConstants.swift */,
				A3C7CB611A539A1F00CA6696 /* ItemViewController.swift */,
				A385C9E01A5C07FD008ADE98 /* ItemViewCell.swift */,
				A3E746D71A5819F300E85D84 /* Utility.swift */,
				A3C7CB631A539A1F00CA6696 /* Main.storyboard */,
				A3C7CB661A539A1F00CA6696 /* Images.xcassets */,
				A3C7CB681A539A1F00CA6696 /* LaunchScreen.xib */,
				A3C7CB5E1A539A1F00CA6696 /* Dots.xcdatamodeld */,
				A3C7CB5A1A539A1F00CA6696 /* Supporting Files */,
			);
			path = Dots;
			sourceTree = "<group>";
		};
		A3C7CB5A1A539A1F00CA6696 /* Supporting Files */ = {
			isa = PBXGroup;
			children = (
				A3C7CB5B1A539A1F00CA6696 /* Info.plist */,
			);
			name = "Supporting Files";
			sourceTree = "<group>";
		};
		A3C7CB721A539A1F00CA6696 /* DotsTests */ = {
			isa = PBXGroup;
			children = (
				A3C7CB751A539A1F00CA6696 /* DotsTests.swift */,
				A3C7CB731A539A1F00CA6696 /* Supporting Files */,
			);
			path = DotsTests;
			sourceTree = "<group>";
		};
		A3C7CB731A539A1F00CA6696 /* Supporting Files */ = {
			isa = PBXGroup;
			children = (
				A3C7CB741A539A1F00CA6696 /* Info.plist */,
			);
			name = "Supporting Files";
			sourceTree = "<group>";
		};
		A3C7CB9E1A56476700CA6696 /* Frameworks */ = {
			isa = PBXGroup;
			children = (
				A3E746E31A5835D500E85D84 /* SWXMLHash.swift */,
				A3C7CB961A539A4A00CA6696 /* Accounts.framework */,
				A3E746DF1A582DE800E85D84 /* Alamofire.framework */,
				A3C7CB9A1A539A6D00CA6696 /* CoreData.framework */,
				A3C7CB9C1A539A7C00CA6696 /* Social.framework */,
				A3C7CBAE1A57007F00CA6696 /* SwifteriOS.framework */,
				A3603F071A58D3A000ACE0DE /* SwiftyJSON.framework */,
				A31B6EFA1A597A6900ECA212 /* Timepiece.framework */,
				A3C7CB981A539A5300CA6696 /* Twitter.framework */,
			);
			name = Frameworks;
			sourceTree = "<group>";
		};
		A3C7CBB11A57895C00CA6696 /* Model */ = {
			isa = PBXGroup;
			children = (
				A385C9FE1A5CAD59008ADE98 /* Item.swift */,
				A385C9FC1A5CAD59008ADE98 /* Cycle.swift */,
				A385C9FA1A5CAD59008ADE98 /* User.swift */,
				A385C9F81A5CAD58008ADE98 /* Service.swift */,
				A385C9F61A5CAD58008ADE98 /* Entry.swift */,
			);
			name = Model;
			sourceTree = "<group>";
		};
		A3E746D21A58162800E85D84 /* Fetcher */ = {
			isa = PBXGroup;
			children = (
				A385C9D21A5BEFBA008ADE98 /* BloggerFetcher.swift */,
				A385C9D31A5BEFBA008ADE98 /* DotsFetcher.swift */,
				A385C9D41A5BEFBA008ADE98 /* HatebuFetcher.swift */,
				A385C9D51A5BEFBA008ADE98 /* TweetsFetcher.swift */,
			);
			name = Fetcher;
			sourceTree = "<group>";
		};
/* End PBXGroup section */

/* Begin PBXNativeTarget section */
		A3C7CB561A539A1F00CA6696 /* Dots */ = {
			isa = PBXNativeTarget;
			buildConfigurationList = A3C7CB791A539A1F00CA6696 /* Build configuration list for PBXNativeTarget "Dots" */;
			buildPhases = (
				A3C7CB531A539A1F00CA6696 /* Sources */,
				A3C7CB541A539A1F00CA6696 /* Frameworks */,
				A3C7CB551A539A1F00CA6696 /* Resources */,
				A3C7CB951A539A3D00CA6696 /* Embed Frameworks */,
			);
			buildRules = (
			);
			dependencies = (
			);
			name = Dots;
			productName = Dots;
			productReference = A3C7CB571A539A1F00CA6696 /* Dots.app */;
			productType = "com.apple.product-type.application";
		};
		A3C7CB6E1A539A1F00CA6696 /* DotsTests */ = {
			isa = PBXNativeTarget;
			buildConfigurationList = A3C7CB7C1A539A1F00CA6696 /* Build configuration list for PBXNativeTarget "DotsTests" */;
			buildPhases = (
				A3C7CB6B1A539A1F00CA6696 /* Sources */,
				A3C7CB6C1A539A1F00CA6696 /* Frameworks */,
				A3C7CB6D1A539A1F00CA6696 /* Resources */,
			);
			buildRules = (
			);
			dependencies = (
				A3C7CB711A539A1F00CA6696 /* PBXTargetDependency */,
			);
			name = DotsTests;
			productName = DotsTests;
			productReference = A3C7CB6F1A539A1F00CA6696 /* DotsTests.xctest */;
			productType = "com.apple.product-type.bundle.unit-test";
		};
/* End PBXNativeTarget section */

/* Begin PBXProject section */
		A3C7CB4F1A539A1F00CA6696 /* Project object */ = {
			isa = PBXProject;
			attributes = {
				LastUpgradeCheck = 0610;
				ORGANIZATIONNAME = "Kouno, Masayuki";
				TargetAttributes = {
					A3C7CB561A539A1F00CA6696 = {
						CreatedOnToolsVersion = 6.1;
						DevelopmentTeam = JA4WFMHL8L;
						SystemCapabilities = {
							com.apple.BackgroundModes = {
								enabled = 1;
							};
						};
					};
					A3C7CB6E1A539A1F00CA6696 = {
						CreatedOnToolsVersion = 6.1;
						TestTargetID = A3C7CB561A539A1F00CA6696;
					};
				};
			};
			buildConfigurationList = A3C7CB521A539A1F00CA6696 /* Build configuration list for PBXProject "Dots" */;
			compatibilityVersion = "Xcode 3.2";
			developmentRegion = English;
			hasScannedForEncodings = 0;
			knownRegions = (
				en,
				Base,
			);
			mainGroup = A3C7CB4E1A539A1F00CA6696;
			productRefGroup = A3C7CB581A539A1F00CA6696 /* Products */;
			projectDirPath = "";
			projectRoot = "";
			targets = (
				A3C7CB561A539A1F00CA6696 /* Dots */,
				A3C7CB6E1A539A1F00CA6696 /* DotsTests */,
			);
		};
/* End PBXProject section */

/* Begin PBXResourcesBuildPhase section */
		A3C7CB551A539A1F00CA6696 /* Resources */ = {
			isa = PBXResourcesBuildPhase;
			buildActionMask = 2147483647;
			files = (
				A3C7CB651A539A1F00CA6696 /* Main.storyboard in Resources */,
				A3C7CB6A1A539A1F00CA6696 /* LaunchScreen.xib in Resources */,
				A3C7CB671A539A1F00CA6696 /* Images.xcassets in Resources */,
			);
			runOnlyForDeploymentPostprocessing = 0;
		};
		A3C7CB6D1A539A1F00CA6696 /* Resources */ = {
			isa = PBXResourcesBuildPhase;
			buildActionMask = 2147483647;
			files = (
			);
			runOnlyForDeploymentPostprocessing = 0;
		};
/* End PBXResourcesBuildPhase section */

/* Begin PBXSourcesBuildPhase section */
		A3C7CB531A539A1F00CA6696 /* Sources */ = {
			isa = PBXSourcesBuildPhase;
			buildActionMask = 2147483647;
			files = (
				A385C9F71A5CAD58008ADE98 /* Entry.swift in Sources */,
				A385C9F91A5CAD58008ADE98 /* Service.swift in Sources */,
				A3C7CB621A539A1F00CA6696 /* ItemViewController.swift in Sources */,
				A385C9D81A5BEFBA008ADE98 /* HatebuFetcher.swift in Sources */,
				A385C9FF1A5CAD59008ADE98 /* Item.swift in Sources */,
				A385C9D61A5BEFBA008ADE98 /* BloggerFetcher.swift in Sources */,
				A385CA031A5CB4F4008ADE98 /* CoreDataHelper.swift in Sources */,
				A385C9E21A5C07FD008ADE98 /* ItemViewCell.swift in Sources */,
				A385C9FB1A5CAD59008ADE98 /* User.swift in Sources */,
				A3E746D81A5819F300E85D84 /* Utility.swift in Sources */,
				A3C7CB5D1A539A1F00CA6696 /* AppDelegate.swift in Sources */,
				A385C9D11A5BE2A2008ADE98 /* PrivateConstants.swift in Sources */,
				A385CA011A5CB46E008ADE98 /* CoreDataStore.swift in Sources */,
				A385C9D71A5BEFBA008ADE98 /* DotsFetcher.swift in Sources */,
				A385C9FD1A5CAD59008ADE98 /* Cycle.swift in Sources */,
				A3C7CB601A539A1F00CA6696 /* Dots.xcdatamodeld in Sources */,
				A385C9D91A5BEFBA008ADE98 /* TweetsFetcher.swift in Sources */,
				A3E746E41A5835D500E85D84 /* SWXMLHash.swift in Sources */,
			);
			runOnlyForDeploymentPostprocessing = 0;
		};
		A3C7CB6B1A539A1F00CA6696 /* Sources */ = {
			isa = PBXSourcesBuildPhase;
			buildActionMask = 2147483647;
			files = (
				A3C7CB761A539A1F00CA6696 /* DotsTests.swift in Sources */,
			);
			runOnlyForDeploymentPostprocessing = 0;
		};
/* End PBXSourcesBuildPhase section */

/* Begin PBXTargetDependency section */
		A3C7CB711A539A1F00CA6696 /* PBXTargetDependency */ = {
			isa = PBXTargetDependency;
			target = A3C7CB561A539A1F00CA6696 /* Dots */;
			targetProxy = A3C7CB701A539A1F00CA6696 /* PBXContainerItemProxy */;
		};
/* End PBXTargetDependency section */

/* Begin PBXVariantGroup section */
		A3C7CB631A539A1F00CA6696 /* Main.storyboard */ = {
			isa = PBXVariantGroup;
			children = (
				A3C7CB641A539A1F00CA6696 /* Base */,
			);
			name = Main.storyboard;
			sourceTree = "<group>";
		};
		A3C7CB681A539A1F00CA6696 /* LaunchScreen.xib */ = {
			isa = PBXVariantGroup;
			children = (
				A3C7CB691A539A1F00CA6696 /* Base */,
			);
			name = LaunchScreen.xib;
			sourceTree = "<group>";
		};
/* End PBXVariantGroup section */

/* Begin XCBuildConfiguration section */
		A3C7CB771A539A1F00CA6696 /* Debug */ = {
			isa = XCBuildConfiguration;
			buildSettings = {
				ALWAYS_SEARCH_USER_PATHS = NO;
				CLANG_CXX_LANGUAGE_STANDARD = "gnu++0x";
				CLANG_CXX_LIBRARY = "libc++";
				CLANG_ENABLE_MODULES = YES;
				CLANG_ENABLE_OBJC_ARC = YES;
				CLANG_WARN_BOOL_CONVERSION = YES;
				CLANG_WARN_CONSTANT_CONVERSION = YES;
				CLANG_WARN_DIRECT_OBJC_ISA_USAGE = YES_ERROR;
				CLANG_WARN_EMPTY_BODY = YES;
				CLANG_WARN_ENUM_CONVERSION = YES;
				CLANG_WARN_INT_CONVERSION = YES;
				CLANG_WARN_OBJC_ROOT_CLASS = YES_ERROR;
				CLANG_WARN_UNREACHABLE_CODE = YES;
				CLANG_WARN__DUPLICATE_METHOD_MATCH = YES;
				"CODE_SIGN_IDENTITY[sdk=iphoneos*]" = "iPhone Developer";
				COPY_PHASE_STRIP = NO;
				ENABLE_STRICT_OBJC_MSGSEND = YES;
				GCC_C_LANGUAGE_STANDARD = gnu99;
				GCC_DYNAMIC_NO_PIC = NO;
				GCC_OPTIMIZATION_LEVEL = 0;
				GCC_PREPROCESSOR_DEFINITIONS = (
					"DEBUG=1",
					"$(inherited)",
				);
				GCC_SYMBOLS_PRIVATE_EXTERN = NO;
				GCC_WARN_64_TO_32_BIT_CONVERSION = YES;
				GCC_WARN_ABOUT_RETURN_TYPE = YES_ERROR;
				GCC_WARN_UNDECLARED_SELECTOR = YES;
				GCC_WARN_UNINITIALIZED_AUTOS = YES_AGGRESSIVE;
				GCC_WARN_UNUSED_FUNCTION = YES;
				GCC_WARN_UNUSED_VARIABLE = YES;
				IPHONEOS_DEPLOYMENT_TARGET = 8.1;
				MTL_ENABLE_DEBUG_INFO = YES;
				ONLY_ACTIVE_ARCH = YES;
				SDKROOT = iphoneos;
				SWIFT_OPTIMIZATION_LEVEL = "-Onone";
				TARGETED_DEVICE_FAMILY = "1,2";
			};
			name = Debug;
		};
		A3C7CB781A539A1F00CA6696 /* Release */ = {
			isa = XCBuildConfiguration;
			buildSettings = {
				ALWAYS_SEARCH_USER_PATHS = NO;
				CLANG_CXX_LANGUAGE_STANDARD = "gnu++0x";
				CLANG_CXX_LIBRARY = "libc++";
				CLANG_ENABLE_MODULES = YES;
				CLANG_ENABLE_OBJC_ARC = YES;
				CLANG_WARN_BOOL_CONVERSION = YES;
				CLANG_WARN_CONSTANT_CONVERSION = YES;
				CLANG_WARN_DIRECT_OBJC_ISA_USAGE = YES_ERROR;
				CLANG_WARN_EMPTY_BODY = YES;
				CLANG_WARN_ENUM_CONVERSION = YES;
				CLANG_WARN_INT_CONVERSION = YES;
				CLANG_WARN_OBJC_ROOT_CLASS = YES_ERROR;
				CLANG_WARN_UNREACHABLE_CODE = YES;
				CLANG_WARN__DUPLICATE_METHOD_MATCH = YES;
				"CODE_SIGN_IDENTITY[sdk=iphoneos*]" = "iPhone Developer";
				COPY_PHASE_STRIP = YES;
				ENABLE_NS_ASSERTIONS = NO;
				ENABLE_STRICT_OBJC_MSGSEND = YES;
				GCC_C_LANGUAGE_STANDARD = gnu99;
				GCC_WARN_64_TO_32_BIT_CONVERSION = YES;
				GCC_WARN_ABOUT_RETURN_TYPE = YES_ERROR;
				GCC_WARN_UNDECLARED_SELECTOR = YES;
				GCC_WARN_UNINITIALIZED_AUTOS = YES_AGGRESSIVE;
				GCC_WARN_UNUSED_FUNCTION = YES;
				GCC_WARN_UNUSED_VARIABLE = YES;
				IPHONEOS_DEPLOYMENT_TARGET = 8.1;
				MTL_ENABLE_DEBUG_INFO = NO;
				SDKROOT = iphoneos;
				TARGETED_DEVICE_FAMILY = "1,2";
				VALIDATE_PRODUCT = YES;
			};
			name = Release;
		};
		A3C7CB7A1A539A1F00CA6696 /* Debug */ = {
			isa = XCBuildConfiguration;
			buildSettings = {
				ASSETCATALOG_COMPILER_APPICON_NAME = AppIcon;
				CODE_SIGN_IDENTITY = "iPhone Developer";
				EMBEDDED_CONTENT_CONTAINS_SWIFT = YES;
				FRAMEWORK_SEARCH_PATHS = (
					"$(inherited)",
					"$(PROJECT_DIR)/Carthage/Build/iOS",
					"$(PROJECT_DIR)/Carthage/Build/Mac",
				);
				INFOPLIST_FILE = Dots/Info.plist;
				IPHONEOS_DEPLOYMENT_TARGET = 8.1;
				LD_RUNPATH_SEARCH_PATHS = "$(inherited) @executable_path/Frameworks";
				PRODUCT_NAME = "$(TARGET_NAME)";
			};
			name = Debug;
		};
		A3C7CB7B1A539A1F00CA6696 /* Release */ = {
			isa = XCBuildConfiguration;
			buildSettings = {
				ASSETCATALOG_COMPILER_APPICON_NAME = AppIcon;
				CODE_SIGN_IDENTITY = "iPhone Developer";
				EMBEDDED_CONTENT_CONTAINS_SWIFT = YES;
				FRAMEWORK_SEARCH_PATHS = (
					"$(inherited)",
					"$(PROJECT_DIR)/Carthage/Build/iOS",
					"$(PROJECT_DIR)/Carthage/Build/Mac",
				);
				INFOPLIST_FILE = Dots/Info.plist;
				IPHONEOS_DEPLOYMENT_TARGET = 8.1;
				LD_RUNPATH_SEARCH_PATHS = "$(inherited) @executable_path/Frameworks";
				PRODUCT_NAME = "$(TARGET_NAME)";
			};
			name = Release;
		};
		A3C7CB7D1A539A1F00CA6696 /* Debug */ = {
			isa = XCBuildConfiguration;
			buildSettings = {
				BUNDLE_LOADER = "$(TEST_HOST)";
				FRAMEWORK_SEARCH_PATHS = (
					"$(SDKROOT)/Developer/Library/Frameworks",
					"$(inherited)",
				);
				GCC_PREPROCESSOR_DEFINITIONS = (
					"DEBUG=1",
					"$(inherited)",
				);
				INFOPLIST_FILE = DotsTests/Info.plist;
				LD_RUNPATH_SEARCH_PATHS = "$(inherited) @executable_path/Frameworks @loader_path/Frameworks";
				PRODUCT_NAME = "$(TARGET_NAME)";
				TEST_HOST = "$(BUILT_PRODUCTS_DIR)/Dots.app/Dots";
			};
			name = Debug;
		};
		A3C7CB7E1A539A1F00CA6696 /* Release */ = {
			isa = XCBuildConfiguration;
			buildSettings = {
				BUNDLE_LOADER = "$(TEST_HOST)";
				FRAMEWORK_SEARCH_PATHS = (
					"$(SDKROOT)/Developer/Library/Frameworks",
					"$(inherited)",
				);
				INFOPLIST_FILE = DotsTests/Info.plist;
				LD_RUNPATH_SEARCH_PATHS = "$(inherited) @executable_path/Frameworks @loader_path/Frameworks";
				PRODUCT_NAME = "$(TARGET_NAME)";
				TEST_HOST = "$(BUILT_PRODUCTS_DIR)/Dots.app/Dots";
			};
			name = Release;
		};
/* End XCBuildConfiguration section */

/* Begin XCConfigurationList section */
		A3C7CB521A539A1F00CA6696 /* Build configuration list for PBXProject "Dots" */ = {
			isa = XCConfigurationList;
			buildConfigurations = (
				A3C7CB771A539A1F00CA6696 /* Debug */,
				A3C7CB781A539A1F00CA6696 /* Release */,
			);
			defaultConfigurationIsVisible = 0;
			defaultConfigurationName = Debug;
		};
		A3C7CB791A539A1F00CA6696 /* Build configuration list for PBXNativeTarget "Dots" */ = {
			isa = XCConfigurationList;
			buildConfigurations = (
				A3C7CB7A1A539A1F00CA6696 /* Debug */,
				A3C7CB7B1A539A1F00CA6696 /* Release */,
			);
			defaultConfigurationIsVisible = 0;
			defaultConfigurationName = Debug;
		};
		A3C7CB7C1A539A1F00CA6696 /* Build configuration list for PBXNativeTarget "DotsTests" */ = {
			isa = XCConfigurationList;
			buildConfigurations = (
				A3C7CB7D1A539A1F00CA6696 /* Debug */,
				A3C7CB7E1A539A1F00CA6696 /* Release */,
			);
			defaultConfigurationIsVisible = 0;
			defaultConfigurationName = Debug;
		};
/* End XCConfigurationList section */

/* Begin XCVersionGroup section */
		A3C7CB5E1A539A1F00CA6696 /* Dots.xcdatamodeld */ = {
			isa = XCVersionGroup;
			children = (
				A3C7CB5F1A539A1F00CA6696 /* Dots.xcdatamodel */,
			);
			currentVersion = A3C7CB5F1A539A1F00CA6696 /* Dots.xcdatamodel */;
			path = Dots.xcdatamodeld;
			sourceTree = "<group>";
			versionGroupType = wrapper.xcdatamodel;
		};
/* End XCVersionGroup section */
	};
	rootObject = A3C7CB4F1A539A1F00CA6696 /* Project object */;
}
